PODS:
  - SCLAlertView (0.8.1)

DEPENDENCIES:
  - SCLAlertView (from `https://github.com/vikmeup/SCLAlertView-Swift.git`, branch `0.8.1`)

EXTERNAL SOURCES:
  SCLAlertView:
    :branch: 0.8.1
    :git: https://github.com/vikmeup/SCLAlertView-Swift.git

CHECKOUT OPTIONS:
  SCLAlertView:
    :commit: 17f7c90dfc9c7f15564e84621d48441d403323ee
    :git: https://github.com/vikmeup/SCLAlertView-Swift.git

SPEC CHECKSUMS:
  SCLAlertView: 9603594eeae6f8f38f67f486c841d0d397ef641f

PODFILE CHECKSUM: 840b4c2342dfa4c185f5109b83eb992d1702a977

COCOAPODS: 1.8.4
