// !$*UTF8*$!
{
	archiveVersion = 1;
	classes = {
	};
	objectVersion = 46;
	objects = {

/* Begin PBXBuildFile section */
		3F1CF8C01C6005AE00D950F3 /* AppDelegate.swift in Sources */ = {isa = PBXBuildFile; fileRef = 3F1CF8BF1C6005AE00D950F3 /* AppDelegate.swift */; };
		3F1CF8C21C6005AE00D950F3 /* ViewController.swift in Sources */ = {isa = PBXBuildFile; fileRef = 3F1CF8C11C6005AE00D950F3 /* ViewController.swift */; };
		3F1CF8C51C6005AE00D950F3 /* Main.storyboard in Resources */ = {isa = PBXBuildFile; fileRef = 3F1CF8C31C6005AE00D950F3 /* Main.storyboard */; };
		3F1CF8C71C6005AE00D950F3 /* Assets.xcassets in Resources */ = {isa = PBXBuildFile; fileRef = 3F1CF8C61C6005AE00D950F3 /* Assets.xcassets */; };
		3F1CF8CA1C6005AE00D950F3 /* LaunchScreen.storyboard in Resources */ = {isa = PBXBuildFile; fileRef = 3F1CF8C81C6005AE00D950F3 /* LaunchScreen.storyboard */; };
/* End PBXBuildFile section */

/* Begin PBXFileReference section */
		3F1CF8BC1C6005AE00D950F3 /* BasicThreading.app */ = {isa = PBXFileReference; explicitFileType = wrapper.application; includeInIndex = 0; path = BasicThreading.app; sourceTree = BUILT_PRODUCTS_DIR; };
		3F1CF8BF1C6005AE00D950F3 /* AppDelegate.swift */ = {isa = PBXFileReference; lastKnownFileType = sourcecode.swift; path = AppDelegate.swift; sourceTree = "<group>"; };
		3F1CF8C11C6005AE00D950F3 /* ViewController.swift */ = {isa = PBXFileReference; lastKnownFileType = sourcecode.swift; path = ViewController.swift; sourceTree = "<group>"; };
		3F1CF8C41C6005AE00D950F3 /* Base */ = {isa = PBXFileReference; lastKnownFileType = file.storyboard; name = Base; path = Base.lproj/Main.storyboard; sourceTree = "<group>"; };
		3F1CF8C61C6005AE00D950F3 /* Assets.xcassets */ = {isa = PBXFileReference; lastKnownFileType = folder.assetcatalog; path = Assets.xcassets; sourceTree = "<group>"; };
		3F1CF8C91C6005AE00D950F3 /* Base */ = {isa = PBXFileReference; lastKnownFileType = file.storyboard; name = Base; path = Base.lproj/LaunchScreen.storyboard; sourceTree = "<group>"; };
		3F1CF8CB1C6005AE00D950F3 /* Info.plist */ = {isa = PBXFileReference; lastKnownFileType = text.plist.xml; path = Info.plist; sourceTree = "<group>"; };
/* End PBXFileReference section */

/* Begin PBXFrameworksBuildPhase section */
		3F1CF8B91C6005AE00D950F3 /* Frameworks */ = {
			isa = PBXFrameworksBuildPhase;
			buildActionMask = 2147483647;
			files = (
			);
			runOnlyForDeploymentPostprocessing = 0;
		};
/* End PBXFrameworksBuildPhase section */

/* Begin PBXGroup section */
		3F1CF8B31C6005AE00D950F3 = {
			isa = PBXGroup;
			children = (
				3F1CF8BE1C6005AE00D950F3 /* BasicThreading */,
				3F1CF8BD1C6005AE00D950F3 /* Products */,
			);
			sourceTree = "<group>";
		};
		3F1CF8BD1C6005AE00D950F3 /* Products */ = {
			isa = PBXGroup;
			children = (
				3F1CF8BC1C6005AE00D950F3 /* BasicThreading.app */,
			);
			name = Products;
			sourceTree = "<group>";
		};
		3F1CF8BE1C6005AE00D950F3 /* BasicThreading */ = {
			isa = PBXGroup;
			children = (
				3F1CF8BF1C6005AE00D950F3 /* AppDelegate.swift */,
				3F1CF8C11C6005AE00D950F3 /* ViewController.swift */,
				3F1CF8C31C6005AE00D950F3 /* Main.storyboard */,
				3F1CF8C61C6005AE00D950F3 /* Assets.xcassets */,
				3F1CF8C81C6005AE00D950F3 /* LaunchScreen.storyboard */,
				3F1CF8CB1C6005AE00D950F3 /* Info.plist */,
			);
			path = BasicThreading;
			sourceTree = "<group>";
		};
/* End PBXGroup section */

/* Begin PBXNativeTarget section */
		3F1CF8BB1C6005AE00D950F3 /* BasicThreading */ = {
			isa = PBXNativeTarget;
			buildConfigurationList = 3F1CF8CE1C6005AE00D950F3 /* Build configuration list for PBXNativeTarget "BasicThreading" */;
			buildPhases = (
				3F1CF8B81C6005AE00D950F3 /* Sources */,
				3F1CF8B91C6005AE00D950F3 /* Frameworks */,
				3F1CF8BA1C6005AE00D950F3 /* Resources */,
			);
			buildRules = (
			);
			dependencies = (
			);
			name = BasicThreading;
			productName = BasicThreading;
			productReference = 3F1CF8BC1C6005AE00D950F3 /* BasicThreading.app */;
			productType = "com.apple.product-type.application";
		};
/* End PBXNativeTarget section */

/* Begin PBXProject section */
		3F1CF8B41C6005AE00D950F3 /* Project object */ = {
			isa = PBXProject;
			attributes = {
				LastSwiftUpdateCheck = 0720;
				LastUpgradeCheck = 0800;
				ORGANIZATIONNAME = guildsa;
				TargetAttributes = {
					3F1CF8BB1C6005AE00D950F3 = {
						CreatedOnToolsVersion = 7.2;
						LastSwiftMigration = 0800;
					};
				};
			};
			buildConfigurationList = 3F1CF8B71C6005AE00D950F3 /* Build configuration list for PBXProject "BasicThreading" */;
			compatibilityVersion = "Xcode 3.2";
			developmentRegion = English;
			hasScannedForEncodings = 0;
			knownRegions = (
				en,
				Base,
			);
			mainGroup = 3F1CF8B31C6005AE00D950F3;
			productRefGroup = 3F1CF8BD1C6005AE00D950F3 /* Products */;
			projectDirPath = "";
			projectRoot = "";
			targets = (
				3F1CF8BB1C6005AE00D950F3 /* BasicThreading */,
			);
		};
/* End PBXProject section */

/* Begin PBXResourcesBuildPhase section */
		3F1CF8BA1C6005AE00D950F3 /* Resources */ = {
			isa = PBXResourcesBuildPhase;
			buildActionMask = 2147483647;
			files = (
				3F1CF8CA1C6005AE00D950F3 /* LaunchScreen.storyboard in Resources */,
				3F1CF8C71C6005AE00D950F3 /* Assets.xcassets in Resources */,
				3F1CF8C51C6005AE00D950F3 /* Main.storyboard in Resources */,
			);
			runOnlyForDeploymentPostprocessing = 0;
		};
/* End PBXResourcesBuildPhase section */

/* Begin PBXSourcesBuildPhase section */
		3F1CF8B81C6005AE00D950F3 /* Sources */ = {
			isa = PBXSourcesBuildPhase;
			buildActionMask = 2147483647;
			files = (
				3F1CF8C21C6005AE00D950F3 /* ViewController.swift in Sources */,
				3F1CF8C01C6005AE00D950F3 /* AppDelegate.swift in Sources */,
			);
			runOnlyForDeploymentPostprocessing = 0;
		};
/* End PBXSourcesBuildPhase section */

/* Begin PBXVariantGroup section */
		3F1CF8C31C6005AE00D950F3 /* Main.storyboard */ = {
			isa = PBXVariantGroup;
			children = (
				3F1CF8C41C6005AE00D950F3 /* Base */,
			);
			name = Main.storyboard;
			sourceTree = "<group>";
		};
		3F1CF8C81C6005AE00D950F3 /* LaunchScreen.storyboard */ = {
			isa = PBXVariantGroup;
			children = (
				3F1CF8C91C6005AE00D950F3 /* Base */,
			);
			name = LaunchScreen.storyboard;
			sourceTree = "<group>";
		};
/* End PBXVariantGroup section */

/* Begin XCBuildConfiguration section */
		3F1CF8CC1C6005AE00D950F3 /* Debug */ = {
			isa = XCBuildConfiguration;
			buildSettings = {
				ALWAYS_SEARCH_USER_PATHS = NO;
				CLANG_CXX_LANGUAGE_STANDARD = "gnu++0x";
				CLANG_CXX_LIBRARY = "libc++";
				CLANG_ENABLE_MODULES = YES;
				CLANG_ENABLE_OBJC_ARC = YES;
				CLANG_WARN_BOOL_CONVERSION = YES;
				CLANG_WARN_CONSTANT_CONVERSION = YES;
				CLANG_WARN_DIRECT_OBJC_ISA_USAGE = YES_ERROR;
				CLANG_WARN_EMPTY_BODY = YES;
				CLANG_WARN_ENUM_CONVERSION = YES;
				CLANG_WARN_INFINITE_RECURSION = YES;
				CLANG_WARN_INT_CONVERSION = YES;
				CLANG_WARN_OBJC_ROOT_CLASS = YES_ERROR;
				CLANG_WARN_SUSPICIOUS_MOVE = YES;
				CLANG_WARN_UNREACHABLE_CODE = YES;
				CLANG_WARN__DUPLICATE_METHOD_MATCH = YES;
				"CODE_SIGN_IDENTITY[sdk=iphoneos*]" = "iPhone Developer";
				COPY_PHASE_STRIP = NO;
				DEBUG_INFORMATION_FORMAT = dwarf;
				ENABLE_STRICT_OBJC_MSGSEND = YES;
				ENABLE_TESTABILITY = YES;
				GCC_C_LANGUAGE_STANDARD = gnu99;
				GCC_DYNAMIC_NO_PIC = NO;
				GCC_NO_COMMON_BLOCKS = YES;
				GCC_OPTIMIZATION_LEVEL = 0;
				GCC_PREPROCESSOR_DEFINITIONS = (
					"DEBUG=1",
					"$(inherited)",
				);
				GCC_WARN_64_TO_32_BIT_CONVERSION = YES;
				GCC_WARN_ABOUT_RETURN_TYPE = YES_ERROR;
				GCC_WARN_UNDECLARED_SELECTOR = YES;
				GCC_WARN_UNINITIALIZED_AUTOS = YES_AGGRESSIVE;
				GCC_WARN_UNUSED_FUNCTION = YES;
				GCC_WARN_UNUSED_VARIABLE = YES;
				IPHONEOS_DEPLOYMENT_TARGET = 9.2;
				MTL_ENABLE_DEBUG_INFO = YES;
				ONLY_ACTIVE_ARCH = YES;
				SDKROOT = iphoneos;
				SWIFT_OPTIMIZATION_LEVEL = "-Onone";
				TARGETED_DEVICE_FAMILY = "1,2";
			};
			name = Debug;
		};
		3F1CF8CD1C6005AE00D950F3 /* Release */ = {
			isa = XCBuildConfiguration;
			buildSettings = {
				ALWAYS_SEARCH_USER_PATHS = NO;
				CLANG_CXX_LANGUAGE_STANDARD = "gnu++0x";
				CLANG_CXX_LIBRARY = "libc++";
				CLANG_ENABLE_MODULES = YES;
				CLANG_ENABLE_OBJC_ARC = YES;
				CLANG_WARN_BOOL_CONVERSION = YES;
				CLANG_WARN_CONSTANT_CONVERSION = YES;
				CLANG_WARN_DIRECT_OBJC_ISA_USAGE = YES_ERROR;
				CLANG_WARN_EMPTY_BODY = YES;
				CLANG_WARN_ENUM_CONVERSION = YES;
				CLANG_WARN_INFINITE_RECURSION = YES;
				CLANG_WARN_INT_CONVERSION = YES;
				CLANG_WARN_OBJC_ROOT_CLASS = YES_ERROR;
				CLANG_WARN_SUSPICIOUS_MOVE = YES;
				CLANG_WARN_UNREACHABLE_CODE = YES;
				CLANG_WARN__DUPLICATE_METHOD_MATCH = YES;
				"CODE_SIGN_IDENTITY[sdk=iphoneos*]" = "iPhone Developer";
				COPY_PHASE_STRIP = NO;
				DEBUG_INFORMATION_FORMAT = "dwarf-with-dsym";
				ENABLE_NS_ASSERTIONS = NO;
				ENABLE_STRICT_OBJC_MSGSEND = YES;
				GCC_C_LANGUAGE_STANDARD = gnu99;
				GCC_NO_COMMON_BLOCKS = YES;
				GCC_WARN_64_TO_32_BIT_CONVERSION = YES;
				GCC_WARN_ABOUT_RETURN_TYPE = YES_ERROR;
				GCC_WARN_UNDECLARED_SELECTOR = YES;
				GCC_WARN_UNINITIALIZED_AUTOS = YES_AGGRESSIVE;
				GCC_WARN_UNUSED_FUNCTION = YES;
				GCC_WARN_UNUSED_VARIABLE = YES;
				IPHONEOS_DEPLOYMENT_TARGET = 9.2;
				MTL_ENABLE_DEBUG_INFO = NO;
				SDKROOT = iphoneos;
				SWIFT_OPTIMIZATION_LEVEL = "-Owholemodule";
				TARGETED_DEVICE_FAMILY = "1,2";
				VALIDATE_PRODUCT = YES;
			};
			name = Release;
		};
		3F1CF8CF1C6005AE00D950F3 /* Debug */ = {
			isa = XCBuildConfiguration;
			buildSettings = {
				ASSETCATALOG_COMPILER_APPICON_NAME = AppIcon;
				INFOPLIST_FILE = BasicThreading/Info.plist;
				LD_RUNPATH_SEARCH_PATHS = "$(inherited) @executable_path/Frameworks";
				PRODUCT_BUNDLE_IDENTIFIER = org.guildsa.BasicThreading;
				PRODUCT_NAME = "$(TARGET_NAME)";
				SWIFT_VERSION = 3.0;
			};
			name = Debug;
		};
		3F1CF8D01C6005AE00D950F3 /* Release */ = {
			isa = XCBuildConfiguration;
			buildSettings = {
				ASSETCATALOG_COMPILER_APPICON_NAME = AppIcon;
				INFOPLIST_FILE = BasicThreading/Info.plist;
				LD_RUNPATH_SEARCH_PATHS = "$(inherited) @executable_path/Frameworks";
				PRODUCT_BUNDLE_IDENTIFIER = org.guildsa.BasicThreading;
				PRODUCT_NAME = "$(TARGET_NAME)";
				SWIFT_VERSION = 3.0;
			};
			name = Release;
		};
/* End XCBuildConfiguration section */

/* Begin XCConfigurationList section */
		3F1CF8B71C6005AE00D950F3 /* Build configuration list for PBXProject "BasicThreading" */ = {
			isa = XCConfigurationList;
			buildConfigurations = (
				3F1CF8CC1C6005AE00D950F3 /* Debug */,
				3F1CF8CD1C6005AE00D950F3 /* Release */,
			);
			defaultConfigurationIsVisible = 0;
			defaultConfigurationName = Release;
		};
		3F1CF8CE1C6005AE00D950F3 /* Build configuration list for PBXNativeTarget "BasicThreading" */ = {
			isa = XCConfigurationList;
			buildConfigurations = (
				3F1CF8CF1C6005AE00D950F3 /* Debug */,
				3F1CF8D01C6005AE00D950F3 /* Release */,
			);
			defaultConfigurationIsVisible = 0;
			defaultConfigurationName = Release;
		};
/* End XCConfigurationList section */
	};
	rootObject = 3F1CF8B41C6005AE00D950F3 /* Project object */;
}
