// !$*UTF8*$!
{
	archiveVersion = 1;
	classes = {
	};
	objectVersion = 46;
	objects = {

/* Begin PBXBuildFile section */
		3F53B3AB1C5979CD0039A393 /* AppDelegate.swift in Sources */ = {isa = PBXBuildFile; fileRef = 3F53B3AA1C5979CD0039A393 /* AppDelegate.swift */; };
		3F53B3AD1C5979CD0039A393 /* ViewController.swift in Sources */ = {isa = PBXBuildFile; fileRef = 3F53B3AC1C5979CD0039A393 /* ViewController.swift */; };
		3F53B3B01C5979CD0039A393 /* Main.storyboard in Resources */ = {isa = PBXBuildFile; fileRef = 3F53B3AE1C5979CD0039A393 /* Main.storyboard */; };
		3F53B3B21C5979CD0039A393 /* Assets.xcassets in Resources */ = {isa = PBXBuildFile; fileRef = 3F53B3B11C5979CD0039A393 /* Assets.xcassets */; };
		3F53B3B51C5979CD0039A393 /* LaunchScreen.storyboard in Resources */ = {isa = PBXBuildFile; fileRef = 3F53B3B31C5979CD0039A393 /* LaunchScreen.storyboard */; };
		3F53B3BD1C597F700039A393 /* local_web_page.html in Resources */ = {isa = PBXBuildFile; fileRef = 3F53B3BC1C597F700039A393 /* local_web_page.html */; };
		3F53B3BF1C5982C60039A393 /* kitten.gif in Resources */ = {isa = PBXBuildFile; fileRef = 3F53B3BE1C5982C60039A393 /* kitten.gif */; };
/* End PBXBuildFile section */

/* Begin PBXFileReference section */
		3F53B3A71C5979CD0039A393 /* WebView.app */ = {isa = PBXFileReference; explicitFileType = wrapper.application; includeInIndex = 0; path = WebView.app; sourceTree = BUILT_PRODUCTS_DIR; };
		3F53B3AA1C5979CD0039A393 /* AppDelegate.swift */ = {isa = PBXFileReference; lastKnownFileType = sourcecode.swift; path = AppDelegate.swift; sourceTree = "<group>"; };
		3F53B3AC1C5979CD0039A393 /* ViewController.swift */ = {isa = PBXFileReference; lastKnownFileType = sourcecode.swift; path = ViewController.swift; sourceTree = "<group>"; };
		3F53B3AF1C5979CD0039A393 /* Base */ = {isa = PBXFileReference; lastKnownFileType = file.storyboard; name = Base; path = Base.lproj/Main.storyboard; sourceTree = "<group>"; };
		3F53B3B11C5979CD0039A393 /* Assets.xcassets */ = {isa = PBXFileReference; lastKnownFileType = folder.assetcatalog; path = Assets.xcassets; sourceTree = "<group>"; };
		3F53B3B41C5979CD0039A393 /* Base */ = {isa = PBXFileReference; lastKnownFileType = file.storyboard; name = Base; path = Base.lproj/LaunchScreen.storyboard; sourceTree = "<group>"; };
		3F53B3B61C5979CD0039A393 /* Info.plist */ = {isa = PBXFileReference; lastKnownFileType = text.plist.xml; path = Info.plist; sourceTree = "<group>"; };
		3F53B3BC1C597F700039A393 /* local_web_page.html */ = {isa = PBXFileReference; fileEncoding = 4; lastKnownFileType = text.html; path = local_web_page.html; sourceTree = "<group>"; };
		3F53B3BE1C5982C60039A393 /* kitten.gif */ = {isa = PBXFileReference; lastKnownFileType = image.gif; path = kitten.gif; sourceTree = "<group>"; };
/* End PBXFileReference section */

/* Begin PBXFrameworksBuildPhase section */
		3F53B3A41C5979CD0039A393 /* Frameworks */ = {
			isa = PBXFrameworksBuildPhase;
			buildActionMask = 2147483647;
			files = (
			);
			runOnlyForDeploymentPostprocessing = 0;
		};
/* End PBXFrameworksBuildPhase section */

/* Begin PBXGroup section */
		3F53B39E1C5979CD0039A393 = {
			isa = PBXGroup;
			children = (
				3F53B3A91C5979CD0039A393 /* WebView */,
				3F53B3A81C5979CD0039A393 /* Products */,
			);
			sourceTree = "<group>";
		};
		3F53B3A81C5979CD0039A393 /* Products */ = {
			isa = PBXGroup;
			children = (
				3F53B3A71C5979CD0039A393 /* WebView.app */,
			);
			name = Products;
			sourceTree = "<group>";
		};
		3F53B3A91C5979CD0039A393 /* WebView */ = {
			isa = PBXGroup;
			children = (
				3F53B3AA1C5979CD0039A393 /* AppDelegate.swift */,
				3F53B3AC1C5979CD0039A393 /* ViewController.swift */,
				3F53B3AE1C5979CD0039A393 /* Main.storyboard */,
				3F53B3B11C5979CD0039A393 /* Assets.xcassets */,
				3F53B3B31C5979CD0039A393 /* LaunchScreen.storyboard */,
				3F53B3B61C5979CD0039A393 /* Info.plist */,
				3F53B3BC1C597F700039A393 /* local_web_page.html */,
				3F53B3BE1C5982C60039A393 /* kitten.gif */,
			);
			path = WebView;
			sourceTree = "<group>";
		};
/* End PBXGroup section */

/* Begin PBXNativeTarget section */
		3F53B3A61C5979CD0039A393 /* WebView */ = {
			isa = PBXNativeTarget;
			buildConfigurationList = 3F53B3B91C5979CD0039A393 /* Build configuration list for PBXNativeTarget "WebView" */;
			buildPhases = (
				3F53B3A31C5979CD0039A393 /* Sources */,
				3F53B3A41C5979CD0039A393 /* Frameworks */,
				3F53B3A51C5979CD0039A393 /* Resources */,
			);
			buildRules = (
			);
			dependencies = (
			);
			name = WebView;
			productName = WebView;
			productReference = 3F53B3A71C5979CD0039A393 /* WebView.app */;
			productType = "com.apple.product-type.application";
		};
/* End PBXNativeTarget section */

/* Begin PBXProject section */
		3F53B39F1C5979CD0039A393 /* Project object */ = {
			isa = PBXProject;
			attributes = {
				LastSwiftUpdateCheck = 0720;
				LastUpgradeCheck = 0800;
				ORGANIZATIONNAME = guildsa;
				TargetAttributes = {
					3F53B3A61C5979CD0039A393 = {
						CreatedOnToolsVersion = 7.2;
						LastSwiftMigration = 0800;
					};
				};
			};
			buildConfigurationList = 3F53B3A21C5979CD0039A393 /* Build configuration list for PBXProject "WebView" */;
			compatibilityVersion = "Xcode 3.2";
			developmentRegion = English;
			hasScannedForEncodings = 0;
			knownRegions = (
				en,
				Base,
			);
			mainGroup = 3F53B39E1C5979CD0039A393;
			productRefGroup = 3F53B3A81C5979CD0039A393 /* Products */;
			projectDirPath = "";
			projectRoot = "";
			targets = (
				3F53B3A61C5979CD0039A393 /* WebView */,
			);
		};
/* End PBXProject section */

/* Begin PBXResourcesBuildPhase section */
		3F53B3A51C5979CD0039A393 /* Resources */ = {
			isa = PBXResourcesBuildPhase;
			buildActionMask = 2147483647;
			files = (
				3F53B3BF1C5982C60039A393 /* kitten.gif in Resources */,
				3F53B3B51C5979CD0039A393 /* LaunchScreen.storyboard in Resources */,
				3F53B3B21C5979CD0039A393 /* Assets.xcassets in Resources */,
				3F53B3BD1C597F700039A393 /* local_web_page.html in Resources */,
				3F53B3B01C5979CD0039A393 /* Main.storyboard in Resources */,
			);
			runOnlyForDeploymentPostprocessing = 0;
		};
/* End PBXResourcesBuildPhase section */

/* Begin PBXSourcesBuildPhase section */
		3F53B3A31C5979CD0039A393 /* Sources */ = {
			isa = PBXSourcesBuildPhase;
			buildActionMask = 2147483647;
			files = (
				3F53B3AD1C5979CD0039A393 /* ViewController.swift in Sources */,
				3F53B3AB1C5979CD0039A393 /* AppDelegate.swift in Sources */,
			);
			runOnlyForDeploymentPostprocessing = 0;
		};
/* End PBXSourcesBuildPhase section */

/* Begin PBXVariantGroup section */
		3F53B3AE1C5979CD0039A393 /* Main.storyboard */ = {
			isa = PBXVariantGroup;
			children = (
				3F53B3AF1C5979CD0039A393 /* Base */,
			);
			name = Main.storyboard;
			sourceTree = "<group>";
		};
		3F53B3B31C5979CD0039A393 /* LaunchScreen.storyboard */ = {
			isa = PBXVariantGroup;
			children = (
				3F53B3B41C5979CD0039A393 /* Base */,
			);
			name = LaunchScreen.storyboard;
			sourceTree = "<group>";
		};
/* End PBXVariantGroup section */

/* Begin XCBuildConfiguration section */
		3F53B3B71C5979CD0039A393 /* Debug */ = {
			isa = XCBuildConfiguration;
			buildSettings = {
				ALWAYS_SEARCH_USER_PATHS = NO;
				CLANG_CXX_LANGUAGE_STANDARD = "gnu++0x";
				CLANG_CXX_LIBRARY = "libc++";
				CLANG_ENABLE_MODULES = YES;
				CLANG_ENABLE_OBJC_ARC = YES;
				CLANG_WARN_BOOL_CONVERSION = YES;
				CLANG_WARN_CONSTANT_CONVERSION = YES;
				CLANG_WARN_DIRECT_OBJC_ISA_USAGE = YES_ERROR;
				CLANG_WARN_EMPTY_BODY = YES;
				CLANG_WARN_ENUM_CONVERSION = YES;
				CLANG_WARN_INFINITE_RECURSION = YES;
				CLANG_WARN_INT_CONVERSION = YES;
				CLANG_WARN_OBJC_ROOT_CLASS = YES_ERROR;
				CLANG_WARN_SUSPICIOUS_MOVE = YES;
				CLANG_WARN_UNREACHABLE_CODE = YES;
				CLANG_WARN__DUPLICATE_METHOD_MATCH = YES;
				"CODE_SIGN_IDENTITY[sdk=iphoneos*]" = "iPhone Developer";
				COPY_PHASE_STRIP = NO;
				DEBUG_INFORMATION_FORMAT = dwarf;
				ENABLE_STRICT_OBJC_MSGSEND = YES;
				ENABLE_TESTABILITY = YES;
				GCC_C_LANGUAGE_STANDARD = gnu99;
				GCC_DYNAMIC_NO_PIC = NO;
				GCC_NO_COMMON_BLOCKS = YES;
				GCC_OPTIMIZATION_LEVEL = 0;
				GCC_PREPROCESSOR_DEFINITIONS = (
					"DEBUG=1",
					"$(inherited)",
				);
				GCC_WARN_64_TO_32_BIT_CONVERSION = YES;
				GCC_WARN_ABOUT_RETURN_TYPE = YES_ERROR;
				GCC_WARN_UNDECLARED_SELECTOR = YES;
				GCC_WARN_UNINITIALIZED_AUTOS = YES_AGGRESSIVE;
				GCC_WARN_UNUSED_FUNCTION = YES;
				GCC_WARN_UNUSED_VARIABLE = YES;
				IPHONEOS_DEPLOYMENT_TARGET = 9.2;
				MTL_ENABLE_DEBUG_INFO = YES;
				ONLY_ACTIVE_ARCH = YES;
				SDKROOT = iphoneos;
				SWIFT_OPTIMIZATION_LEVEL = "-Onone";
				TARGETED_DEVICE_FAMILY = "1,2";
			};
			name = Debug;
		};
		3F53B3B81C5979CD0039A393 /* Release */ = {
			isa = XCBuildConfiguration;
			buildSettings = {
				ALWAYS_SEARCH_USER_PATHS = NO;
				CLANG_CXX_LANGUAGE_STANDARD = "gnu++0x";
				CLANG_CXX_LIBRARY = "libc++";
				CLANG_ENABLE_MODULES = YES;
				CLANG_ENABLE_OBJC_ARC = YES;
				CLANG_WARN_BOOL_CONVERSION = YES;
				CLANG_WARN_CONSTANT_CONVERSION = YES;
				CLANG_WARN_DIRECT_OBJC_ISA_USAGE = YES_ERROR;
				CLANG_WARN_EMPTY_BODY = YES;
				CLANG_WARN_ENUM_CONVERSION = YES;
				CLANG_WARN_INFINITE_RECURSION = YES;
				CLANG_WARN_INT_CONVERSION = YES;
				CLANG_WARN_OBJC_ROOT_CLASS = YES_ERROR;
				CLANG_WARN_SUSPICIOUS_MOVE = YES;
				CLANG_WARN_UNREACHABLE_CODE = YES;
				CLANG_WARN__DUPLICATE_METHOD_MATCH = YES;
				"CODE_SIGN_IDENTITY[sdk=iphoneos*]" = "iPhone Developer";
				COPY_PHASE_STRIP = NO;
				DEBUG_INFORMATION_FORMAT = "dwarf-with-dsym";
				ENABLE_NS_ASSERTIONS = NO;
				ENABLE_STRICT_OBJC_MSGSEND = YES;
				GCC_C_LANGUAGE_STANDARD = gnu99;
				GCC_NO_COMMON_BLOCKS = YES;
				GCC_WARN_64_TO_32_BIT_CONVERSION = YES;
				GCC_WARN_ABOUT_RETURN_TYPE = YES_ERROR;
				GCC_WARN_UNDECLARED_SELECTOR = YES;
				GCC_WARN_UNINITIALIZED_AUTOS = YES_AGGRESSIVE;
				GCC_WARN_UNUSED_FUNCTION = YES;
				GCC_WARN_UNUSED_VARIABLE = YES;
				IPHONEOS_DEPLOYMENT_TARGET = 9.2;
				MTL_ENABLE_DEBUG_INFO = NO;
				SDKROOT = iphoneos;
				SWIFT_OPTIMIZATION_LEVEL = "-Owholemodule";
				TARGETED_DEVICE_FAMILY = "1,2";
				VALIDATE_PRODUCT = YES;
			};
			name = Release;
		};
		3F53B3BA1C5979CD0039A393 /* Debug */ = {
			isa = XCBuildConfiguration;
			buildSettings = {
				ASSETCATALOG_COMPILER_APPICON_NAME = AppIcon;
				INFOPLIST_FILE = WebView/Info.plist;
				LD_RUNPATH_SEARCH_PATHS = "$(inherited) @executable_path/Frameworks";
				PRODUCT_BUNDLE_IDENTIFIER = org.guildsa.WebView;
				PRODUCT_NAME = "$(TARGET_NAME)";
				SWIFT_VERSION = 3.0;
			};
			name = Debug;
		};
		3F53B3BB1C5979CD0039A393 /* Release */ = {
			isa = XCBuildConfiguration;
			buildSettings = {
				ASSETCATALOG_COMPILER_APPICON_NAME = AppIcon;
				INFOPLIST_FILE = WebView/Info.plist;
				LD_RUNPATH_SEARCH_PATHS = "$(inherited) @executable_path/Frameworks";
				PRODUCT_BUNDLE_IDENTIFIER = org.guildsa.WebView;
				PRODUCT_NAME = "$(TARGET_NAME)";
				SWIFT_VERSION = 3.0;
			};
			name = Release;
		};
/* End XCBuildConfiguration section */

/* Begin XCConfigurationList section */
		3F53B3A21C5979CD0039A393 /* Build configuration list for PBXProject "WebView" */ = {
			isa = XCConfigurationList;
			buildConfigurations = (
				3F53B3B71C5979CD0039A393 /* Debug */,
				3F53B3B81C5979CD0039A393 /* Release */,
			);
			defaultConfigurationIsVisible = 0;
			defaultConfigurationName = Release;
		};
		3F53B3B91C5979CD0039A393 /* Build configuration list for PBXNativeTarget "WebView" */ = {
			isa = XCConfigurationList;
			buildConfigurations = (
				3F53B3BA1C5979CD0039A393 /* Debug */,
				3F53B3BB1C5979CD0039A393 /* Release */,
			);
			defaultConfigurationIsVisible = 0;
			defaultConfigurationName = Release;
		};
/* End XCConfigurationList section */
	};
	rootObject = 3F53B39F1C5979CD0039A393 /* Project object */;
}
