PODS:
  - Backendless (5.5.0):
    - Socket.IO-Client-Swift
  - Socket.IO-Client-Swift (15.2.0):
    - Starscream (~> 3.1)
  - Starscream (3.1.1)

DEPENDENCIES:
  - Backendless (= 5.5.0)

SPEC REPOS:
  trunk:
    - Backendless
    - Socket.IO-Client-Swift
    - Starscream

SPEC CHECKSUMS:
  Backendless: 98c135ce4cab83b25e654416f0e209af8af86d33
  Socket.IO-Client-Swift: 1e3e3a1f09f3312a167f0d781eb2f383d477357c
  Starscream: 4bb2f9942274833f7b4d296a55504dcfc7edb7b0

PODFILE CHECKSUM: 8ab8aa3eb05d1e8feb72902333304bc975be822a

COCOAPODS: 1.8.4
